
Microsoft Visual Studio Solution File, Format Version 12.00
# Visual Studio Version 16
VisualStudioVersion = 16.0.31911.196
MinimumVisualStudioVersion = 10.0.40219.1
Project("{FAE04EC0-301F-11D3-BF4B-00C04F79EFBC}") = "Genzo", "Genzo\Genzo.csproj", "{A6511545-3009-40B9-9C44-AA45E2751CE9}"
EndProject
Global
	GlobalSection(SolutionConfigurationPlatforms) = preSolution
		Debug|Any CPU = Debug|Any CPU
		Release|Any CPU = Release|Any CPU
	EndGlobalSection
	GlobalSection(ProjectConfigurationPlatforms) = postSolution
		{A6511545-3009-40B9-9C44-AA45E2751CE9}.Debug|Any CPU.ActiveCfg = Debug|Any CPU
		{A6511545-3009-40B9-9C44-AA45E2751CE9}.Debug|Any CPU.Build.0 = Debug|Any CPU
		{A6511545-3009-40B9-9C44-AA45E2751CE9}.Release|Any CPU.ActiveCfg = Release|Any CPU
		{A6511545-3009-40B9-9C44-AA45E2751CE9}.Release|Any CPU.Build.0 = Release|Any CPU
	EndGlobalSection
	GlobalSection(SolutionProperties) = preSolution
		HideSolutionNode = FALSE
	EndGlobalSection
	GlobalSection(ExtensibilityGlobals) = postSolution
		SolutionGuid = {18A49938-3390-4D13-B808-1C3BB168C24A}
	EndGlobalSection
EndGlobal
